
Microsoft Visual Studio Solution File, Format Version 12.00
# Visual Studio Version 17
VisualStudioVersion = 17.8.34330.188
MinimumVisualStudioVersion = 10.0.40219.1
Project("{FAE04EC0-301F-11D3-BF4B-00C04F79EFBC}") = "BulkyWeb", "BulkyWeb\BulkyWeb.csproj", "{AADF6992-E82F-44F2-8747-561646C9D43B}"
EndProject
Global
	GlobalSection(SolutionConfigurationPlatforms) = preSolution
		Debug|Any CPU = Debug|Any CPU
		Release|Any CPU = Release|Any CPU
	EndGlobalSection
	GlobalSection(ProjectConfigurationPlatforms) = postSolution
		{AADF6992-E82F-44F2-8747-561646C9D43B}.Debug|Any CPU.ActiveCfg = Debug|Any CPU
		{AADF6992-E82F-44F2-8747-561646C9D43B}.Debug|Any CPU.Build.0 = Debug|Any CPU
		{AADF6992-E82F-44F2-8747-561646C9D43B}.Release|Any CPU.ActiveCfg = Release|Any CPU
		{AADF6992-E82F-44F2-8747-561646C9D43B}.Release|Any CPU.Build.0 = Release|Any CPU
	EndGlobalSection
	GlobalSection(SolutionProperties) = preSolution
		HideSolutionNode = FALSE
	EndGlobalSection
	GlobalSection(ExtensibilityGlobals) = postSolution
		SolutionGuid = {3D2CC3C6-60A6-48D2-8FC3-FAC038C450A8}
	EndGlobalSection
EndGlobal
